
Microsoft Visual Studio Solution File, Format Version 12.00
# Visual Studio Version 16
VisualStudioVersion = 16.0.29411.108
MinimumVisualStudioVersion = 10.0.40219.1
Project("{9A19103F-16F7-4668-BE54-9A1E7A4F7556}") = "LambdaFunction", "LambdaFunction\LambdaFunction.csproj", "{A9EDC316-2491-44D2-B359-F56FB2CD8590}"
EndProject
Project("{9A19103F-16F7-4668-BE54-9A1E7A4F7556}") = "LambdaFunctionTests", "LambdaFunction.Test\LambdaFunctionTests.csproj", "{10E2AA65-483D-4314-886F-9A53502FECD8}"
EndProject
Project("{9A19103F-16F7-4668-BE54-9A1E7A4F7556}") = "HrApp", "..\..\src\HrApp\HrApp.csproj", "{6CEA3CE2-4FD8-4316-9820-21F389FF16D6}"
EndProject
Global
	GlobalSection(SolutionConfigurationPlatforms) = preSolution
		Debug|Any CPU = Debug|Any CPU
		Release|Any CPU = Release|Any CPU
	EndGlobalSection
	GlobalSection(ProjectConfigurationPlatforms) = postSolution
		{A9EDC316-2491-44D2-B359-F56FB2CD8590}.Debug|Any CPU.ActiveCfg = Debug|Any CPU
		{A9EDC316-2491-44D2-B359-F56FB2CD8590}.Debug|Any CPU.Build.0 = Debug|Any CPU
		{A9EDC316-2491-44D2-B359-F56FB2CD8590}.Release|Any CPU.ActiveCfg = Release|Any CPU
		{A9EDC316-2491-44D2-B359-F56FB2CD8590}.Release|Any CPU.Build.0 = Release|Any CPU
		{10E2AA65-483D-4314-886F-9A53502FECD8}.Debug|Any CPU.ActiveCfg = Debug|Any CPU
		{10E2AA65-483D-4314-886F-9A53502FECD8}.Debug|Any CPU.Build.0 = Debug|Any CPU
		{10E2AA65-483D-4314-886F-9A53502FECD8}.Release|Any CPU.ActiveCfg = Release|Any CPU
		{10E2AA65-483D-4314-886F-9A53502FECD8}.Release|Any CPU.Build.0 = Release|Any CPU
		{6CEA3CE2-4FD8-4316-9820-21F389FF16D6}.Debug|Any CPU.ActiveCfg = Debug|Any CPU
		{6CEA3CE2-4FD8-4316-9820-21F389FF16D6}.Debug|Any CPU.Build.0 = Debug|Any CPU
		{6CEA3CE2-4FD8-4316-9820-21F389FF16D6}.Release|Any CPU.ActiveCfg = Release|Any CPU
		{6CEA3CE2-4FD8-4316-9820-21F389FF16D6}.Release|Any CPU.Build.0 = Release|Any CPU
	EndGlobalSection
	GlobalSection(SolutionProperties) = preSolution
		HideSolutionNode = FALSE
	EndGlobalSection
	GlobalSection(ExtensibilityGlobals) = postSolution
		SolutionGuid = {147AA8FC-01A5-4822-AABA-622C26588F2B}
	EndGlobalSection
EndGlobal
