<<<<<<< HEAD
﻿
Microsoft Visual Studio Solution File, Format Version 12.00
Project("{FAE04EC0-301F-11D3-BF4B-00C04F79EFBC}") = "LambdaFunction", "LambdaFunction\LambdaFunction.csproj", "{A9EDC316-2491-44D2-B359-F56FB2CD8590}"
EndProject
Project("{FAE04EC0-301F-11D3-BF4B-00C04F79EFBC}") = "HrApp", "..\..\src\HrApp\HrApp.csproj", "{B132FB4F-78AF-4408-BEF8-ABB36B98D360}"
EndProject
Global
	GlobalSection(SolutionConfigurationPlatforms) = preSolution
		Debug|Any CPU = Debug|Any CPU
		Release|Any CPU = Release|Any CPU
	EndGlobalSection
	GlobalSection(ProjectConfigurationPlatforms) = postSolution
		{A9EDC316-2491-44D2-B359-F56FB2CD8590}.Debug|Any CPU.ActiveCfg = Debug|Any CPU
		{A9EDC316-2491-44D2-B359-F56FB2CD8590}.Debug|Any CPU.Build.0 = Debug|Any CPU
		{A9EDC316-2491-44D2-B359-F56FB2CD8590}.Release|Any CPU.ActiveCfg = Release|Any CPU
		{A9EDC316-2491-44D2-B359-F56FB2CD8590}.Release|Any CPU.Build.0 = Release|Any CPU
		{B132FB4F-78AF-4408-BEF8-ABB36B98D360}.Debug|Any CPU.ActiveCfg = Debug|Any CPU
		{B132FB4F-78AF-4408-BEF8-ABB36B98D360}.Debug|Any CPU.Build.0 = Debug|Any CPU
		{B132FB4F-78AF-4408-BEF8-ABB36B98D360}.Release|Any CPU.ActiveCfg = Release|Any CPU
		{B132FB4F-78AF-4408-BEF8-ABB36B98D360}.Release|Any CPU.Build.0 = Release|Any CPU
	EndGlobalSection
EndGlobal
=======
﻿
Microsoft Visual Studio Solution File, Format Version 12.00
Project("{FAE04EC0-301F-11D3-BF4B-00C04F79EFBC}") = "LambdaFunction", "LambdaFunction\LambdaFunction.csproj", "{A9EDC316-2491-44D2-B359-F56FB2CD8590}"
EndProject
Project("{FAE04EC0-301F-11D3-BF4B-00C04F79EFBC}") = "HrApp", "..\..\src\HrApp\HrApp.csproj", "{B132FB4F-78AF-4408-BEF8-ABB36B98D360}"
EndProject
Global
	GlobalSection(SolutionConfigurationPlatforms) = preSolution
		Debug|Any CPU = Debug|Any CPU
		Release|Any CPU = Release|Any CPU
	EndGlobalSection
	GlobalSection(ProjectConfigurationPlatforms) = postSolution
		{A9EDC316-2491-44D2-B359-F56FB2CD8590}.Debug|Any CPU.ActiveCfg = Debug|Any CPU
		{A9EDC316-2491-44D2-B359-F56FB2CD8590}.Debug|Any CPU.Build.0 = Debug|Any CPU
		{A9EDC316-2491-44D2-B359-F56FB2CD8590}.Release|Any CPU.ActiveCfg = Release|Any CPU
		{A9EDC316-2491-44D2-B359-F56FB2CD8590}.Release|Any CPU.Build.0 = Release|Any CPU
		{B132FB4F-78AF-4408-BEF8-ABB36B98D360}.Debug|Any CPU.ActiveCfg = Debug|Any CPU
		{B132FB4F-78AF-4408-BEF8-ABB36B98D360}.Debug|Any CPU.Build.0 = Debug|Any CPU
		{B132FB4F-78AF-4408-BEF8-ABB36B98D360}.Release|Any CPU.ActiveCfg = Release|Any CPU
		{B132FB4F-78AF-4408-BEF8-ABB36B98D360}.Release|Any CPU.Build.0 = Release|Any CPU
	EndGlobalSection
EndGlobal
>>>>>>> master
