
Microsoft Visual Studio Solution File, Format Version 12.00
# Visual Studio Version 16
VisualStudioVersion = 16.0.29806.167
MinimumVisualStudioVersion = 10.0.40219.1
Project("{9A19103F-16F7-4668-BE54-9A1E7A4F7556}") = "LambdaFunction", "LambdaFunction\LambdaFunction.csproj", "{A9EDC316-2491-44D2-B359-F56FB2CD8590}"
EndProject
Project("{9A19103F-16F7-4668-BE54-9A1E7A4F7556}") = "LambdaFunctionTests", "LambdaFunction.Test\LambdaFunctionTests.csproj", "{10E2AA65-483D-4314-886F-9A53502FECD8}"
EndProject
Project("{9A19103F-16F7-4668-BE54-9A1E7A4F7556}") = "HrApp", "..\..\src\HrApp\HrApp.csproj", "{6F2868E8-983D-48D4-97FF-65275FB52EF7}"
EndProject
Global
	GlobalSection(SolutionConfigurationPlatforms) = preSolution
		Debug|Any CPU = Debug|Any CPU
		Release|Any CPU = Release|Any CPU
	EndGlobalSection
	GlobalSection(ProjectConfigurationPlatforms) = postSolution
		{A9EDC316-2491-44D2-B359-F56FB2CD8590}.Debug|Any CPU.ActiveCfg = Debug|Any CPU
		{A9EDC316-2491-44D2-B359-F56FB2CD8590}.Debug|Any CPU.Build.0 = Debug|Any CPU
		{A9EDC316-2491-44D2-B359-F56FB2CD8590}.Release|Any CPU.ActiveCfg = Release|Any CPU
		{A9EDC316-2491-44D2-B359-F56FB2CD8590}.Release|Any CPU.Build.0 = Release|Any CPU
		{10E2AA65-483D-4314-886F-9A53502FECD8}.Debug|Any CPU.ActiveCfg = Debug|Any CPU
		{10E2AA65-483D-4314-886F-9A53502FECD8}.Debug|Any CPU.Build.0 = Debug|Any CPU
		{10E2AA65-483D-4314-886F-9A53502FECD8}.Release|Any CPU.ActiveCfg = Release|Any CPU
		{10E2AA65-483D-4314-886F-9A53502FECD8}.Release|Any CPU.Build.0 = Release|Any CPU
		{6F2868E8-983D-48D4-97FF-65275FB52EF7}.Debug|Any CPU.ActiveCfg = Debug|Any CPU
		{6F2868E8-983D-48D4-97FF-65275FB52EF7}.Debug|Any CPU.Build.0 = Debug|Any CPU
		{6F2868E8-983D-48D4-97FF-65275FB52EF7}.Release|Any CPU.ActiveCfg = Release|Any CPU
		{6F2868E8-983D-48D4-97FF-65275FB52EF7}.Release|Any CPU.Build.0 = Release|Any CPU
	EndGlobalSection
	GlobalSection(SolutionProperties) = preSolution
		HideSolutionNode = FALSE
	EndGlobalSection
	GlobalSection(ExtensibilityGlobals) = postSolution
		SolutionGuid = {F925BD54-C7BC-4261-8A08-1D568756B236}
	EndGlobalSection
EndGlobal
