
Microsoft Visual Studio Solution File, Format Version 12.00
# Visual Studio Version 16
VisualStudioVersion = 16.0.29411.108
MinimumVisualStudioVersion = 10.0.40219.1
Project("{9A19103F-16F7-4668-BE54-9A1E7A4F7556}") = "HrApp", "HrApp\HrApp.csproj", "{09593BFC-036A-43AE-81CE-98154D2FCD50}"
EndProject
Project("{9A19103F-16F7-4668-BE54-9A1E7A4F7556}") = "Tests", "Tests\Tests.csproj", "{DC6F306E-01FD-4605-9034-0E9734050CA8}"
EndProject
Global
	GlobalSection(SolutionConfigurationPlatforms) = preSolution
		Debug|Any CPU = Debug|Any CPU
		Release|Any CPU = Release|Any CPU
	EndGlobalSection
	GlobalSection(ProjectConfigurationPlatforms) = postSolution
		{09593BFC-036A-43AE-81CE-98154D2FCD50}.Debug|Any CPU.ActiveCfg = Debug|Any CPU
		{09593BFC-036A-43AE-81CE-98154D2FCD50}.Debug|Any CPU.Build.0 = Debug|Any CPU
		{09593BFC-036A-43AE-81CE-98154D2FCD50}.Release|Any CPU.ActiveCfg = Release|Any CPU
		{09593BFC-036A-43AE-81CE-98154D2FCD50}.Release|Any CPU.Build.0 = Release|Any CPU
		{DC6F306E-01FD-4605-9034-0E9734050CA8}.Debug|Any CPU.ActiveCfg = Debug|Any CPU
		{DC6F306E-01FD-4605-9034-0E9734050CA8}.Debug|Any CPU.Build.0 = Debug|Any CPU
		{DC6F306E-01FD-4605-9034-0E9734050CA8}.Release|Any CPU.ActiveCfg = Release|Any CPU
		{DC6F306E-01FD-4605-9034-0E9734050CA8}.Release|Any CPU.Build.0 = Release|Any CPU
	EndGlobalSection
	GlobalSection(SolutionProperties) = preSolution
		HideSolutionNode = FALSE
	EndGlobalSection
	GlobalSection(ExtensibilityGlobals) = postSolution
		SolutionGuid = {3713C882-C6ED-4EB5-878C-0BCF2C8FB9FD}
	EndGlobalSection
EndGlobal
