
Microsoft Visual Studio Solution File, Format Version 12.00
# Visual Studio 15
VisualStudioVersion = 15.0.28307.902
MinimumVisualStudioVersion = 10.0.40219.1
Project("{9A19103F-16F7-4668-BE54-9A1E7A4F7556}") = "GraphTutorial", "GraphTutorial.csproj", "{25F744F4-A394-4010-8357-92E5C55B8EF7}"
EndProject
Project("{FAE04EC0-301F-11D3-BF4B-00C04F79EFBC}") = "GraphTutorial_UnitTests", "..\GraphTutorial_UnitTests\GraphTutorial_UnitTests.csproj", "{9AB26307-1A66-4968-A5CB-4082939D751B}"
EndProject
Global
	GlobalSection(SolutionConfigurationPlatforms) = preSolution
		Debug|Any CPU = Debug|Any CPU
		Release|Any CPU = Release|Any CPU
	EndGlobalSection
	GlobalSection(ProjectConfigurationPlatforms) = postSolution
		{25F744F4-A394-4010-8357-92E5C55B8EF7}.Debug|Any CPU.ActiveCfg = Debug|Any CPU
		{25F744F4-A394-4010-8357-92E5C55B8EF7}.Debug|Any CPU.Build.0 = Debug|Any CPU
		{25F744F4-A394-4010-8357-92E5C55B8EF7}.Release|Any CPU.ActiveCfg = Release|Any CPU
		{25F744F4-A394-4010-8357-92E5C55B8EF7}.Release|Any CPU.Build.0 = Release|Any CPU
		{9AB26307-1A66-4968-A5CB-4082939D751B}.Debug|Any CPU.ActiveCfg = Debug|Any CPU
		{9AB26307-1A66-4968-A5CB-4082939D751B}.Debug|Any CPU.Build.0 = Debug|Any CPU
		{9AB26307-1A66-4968-A5CB-4082939D751B}.Release|Any CPU.ActiveCfg = Release|Any CPU
		{9AB26307-1A66-4968-A5CB-4082939D751B}.Release|Any CPU.Build.0 = Release|Any CPU
	EndGlobalSection
	GlobalSection(SolutionProperties) = preSolution
		HideSolutionNode = FALSE
	EndGlobalSection
	GlobalSection(ExtensibilityGlobals) = postSolution
		SolutionGuid = {EBCFC05F-EDF9-4969-9F1C-05F9A46FF5E5}
	EndGlobalSection
EndGlobal
